
Microsoft Visual Studio Solution File, Format Version 12.00
# Visual Studio Version 17
VisualStudioVersion = 17.4.33110.190
MinimumVisualStudioVersion = 10.0.40219.1
Project("{9A19103F-16F7-4668-BE54-9A1E7A4F7556}") = "DemoSeleniumWebDriver", "DemoSeleniumWebDriver\DemoSeleniumWebDriver.csproj", "{33F1DB42-2AFD-4754-AA11-FBA3E5B2DC14}"
EndProject
Project("{9A19103F-16F7-4668-BE54-9A1E7A4F7556}") = "SeleniumWebDriver_DemoTests", "SeleniumWebDriver_DemoTests\SeleniumWebDriver_DemoTests.csproj", "{2210D8C7-B689-458C-BBEC-11481E35DF08}"
EndProject
Project("{9A19103F-16F7-4668-BE54-9A1E7A4F7556}") = "SummatorAutomatedTests", "SummatorAutomatedTests\SummatorAutomatedTests.csproj", "{91CCF7A5-9BF6-4FE1-A07E-F4AD75DB8E7C}"
EndProject
Project("{9A19103F-16F7-4668-BE54-9A1E7A4F7556}") = "SeleniumWaits_Exercises", "SeleniumWaits_Exercises\SeleniumWaits_Exercises.csproj", "{5A82425E-79AC-4FF5-8732-B1B1F9648D4D}"
EndProject
Project("{9A19103F-16F7-4668-BE54-9A1E7A4F7556}") = "TestsForURLShortener", "TestsForURLShortener\TestsForURLShortener.csproj", "{0905C4A8-EEB1-4F39-A365-99E2E7FC93E6}"
EndProject
Project("{FAE04EC0-301F-11D3-BF4B-00C04F79EFBC}") = "StudentRegistryApp_Selenium_POM", "StudentRegistryApp_Selenium_POM\StudentRegistryApp_Selenium_POM.csproj", "{DE2E21A8-280B-48A2-8399-7D746F5C9D56}"
EndProject
Global
	GlobalSection(SolutionConfigurationPlatforms) = preSolution
		Debug|Any CPU = Debug|Any CPU
		Release|Any CPU = Release|Any CPU
	EndGlobalSection
	GlobalSection(ProjectConfigurationPlatforms) = postSolution
		{33F1DB42-2AFD-4754-AA11-FBA3E5B2DC14}.Debug|Any CPU.ActiveCfg = Debug|Any CPU
		{33F1DB42-2AFD-4754-AA11-FBA3E5B2DC14}.Debug|Any CPU.Build.0 = Debug|Any CPU
		{33F1DB42-2AFD-4754-AA11-FBA3E5B2DC14}.Release|Any CPU.ActiveCfg = Release|Any CPU
		{33F1DB42-2AFD-4754-AA11-FBA3E5B2DC14}.Release|Any CPU.Build.0 = Release|Any CPU
		{2210D8C7-B689-458C-BBEC-11481E35DF08}.Debug|Any CPU.ActiveCfg = Debug|Any CPU
		{2210D8C7-B689-458C-BBEC-11481E35DF08}.Debug|Any CPU.Build.0 = Debug|Any CPU
		{2210D8C7-B689-458C-BBEC-11481E35DF08}.Release|Any CPU.ActiveCfg = Release|Any CPU
		{2210D8C7-B689-458C-BBEC-11481E35DF08}.Release|Any CPU.Build.0 = Release|Any CPU
		{91CCF7A5-9BF6-4FE1-A07E-F4AD75DB8E7C}.Debug|Any CPU.ActiveCfg = Debug|Any CPU
		{91CCF7A5-9BF6-4FE1-A07E-F4AD75DB8E7C}.Debug|Any CPU.Build.0 = Debug|Any CPU
		{91CCF7A5-9BF6-4FE1-A07E-F4AD75DB8E7C}.Release|Any CPU.ActiveCfg = Release|Any CPU
		{91CCF7A5-9BF6-4FE1-A07E-F4AD75DB8E7C}.Release|Any CPU.Build.0 = Release|Any CPU
		{5A82425E-79AC-4FF5-8732-B1B1F9648D4D}.Debug|Any CPU.ActiveCfg = Debug|Any CPU
		{5A82425E-79AC-4FF5-8732-B1B1F9648D4D}.Debug|Any CPU.Build.0 = Debug|Any CPU
		{5A82425E-79AC-4FF5-8732-B1B1F9648D4D}.Release|Any CPU.ActiveCfg = Release|Any CPU
		{5A82425E-79AC-4FF5-8732-B1B1F9648D4D}.Release|Any CPU.Build.0 = Release|Any CPU
		{0905C4A8-EEB1-4F39-A365-99E2E7FC93E6}.Debug|Any CPU.ActiveCfg = Debug|Any CPU
		{0905C4A8-EEB1-4F39-A365-99E2E7FC93E6}.Debug|Any CPU.Build.0 = Debug|Any CPU
		{0905C4A8-EEB1-4F39-A365-99E2E7FC93E6}.Release|Any CPU.ActiveCfg = Release|Any CPU
		{0905C4A8-EEB1-4F39-A365-99E2E7FC93E6}.Release|Any CPU.Build.0 = Release|Any CPU
		{DE2E21A8-280B-48A2-8399-7D746F5C9D56}.Debug|Any CPU.ActiveCfg = Debug|Any CPU
		{DE2E21A8-280B-48A2-8399-7D746F5C9D56}.Debug|Any CPU.Build.0 = Debug|Any CPU
		{DE2E21A8-280B-48A2-8399-7D746F5C9D56}.Release|Any CPU.ActiveCfg = Release|Any CPU
		{DE2E21A8-280B-48A2-8399-7D746F5C9D56}.Release|Any CPU.Build.0 = Release|Any CPU
	EndGlobalSection
	GlobalSection(SolutionProperties) = preSolution
		HideSolutionNode = FALSE
	EndGlobalSection
	GlobalSection(ExtensibilityGlobals) = postSolution
		SolutionGuid = {D37E604D-A07D-487F-853D-F2F7AE699E14}
	EndGlobalSection
EndGlobal
